
Microsoft Visual Studio Solution File, Format Version 12.00
# Visual Studio Version 17
VisualStudioVersion = 17.9.34723.18
MinimumVisualStudioVersion = 10.0.40219.1
Project("{FAE04EC0-301F-11D3-BF4B-00C04F79EFBC}") = "okienko", "okienko\okienko.csproj", "{3FE9215C-AC43-469E-87F8-12FA0B3159FF}"
EndProject
Global
	GlobalSection(SolutionConfigurationPlatforms) = preSolution
		Debug|Any CPU = Debug|Any CPU
		Release|Any CPU = Release|Any CPU
	EndGlobalSection
	GlobalSection(ProjectConfigurationPlatforms) = postSolution
		{3FE9215C-AC43-469E-87F8-12FA0B3159FF}.Debug|Any CPU.ActiveCfg = Debug|Any CPU
		{3FE9215C-AC43-469E-87F8-12FA0B3159FF}.Debug|Any CPU.Build.0 = Debug|Any CPU
		{3FE9215C-AC43-469E-87F8-12FA0B3159FF}.Release|Any CPU.ActiveCfg = Release|Any CPU
		{3FE9215C-AC43-469E-87F8-12FA0B3159FF}.Release|Any CPU.Build.0 = Release|Any CPU
	EndGlobalSection
	GlobalSection(SolutionProperties) = preSolution
		HideSolutionNode = FALSE
	EndGlobalSection
	GlobalSection(ExtensibilityGlobals) = postSolution
		SolutionGuid = {52C9AB36-9D2E-42F7-A237-185EB6254AC5}
	EndGlobalSection
EndGlobal
