
Microsoft Visual Studio Solution File, Format Version 12.00
# Visual Studio Version 17
VisualStudioVersion = 17.9.34723.18
MinimumVisualStudioVersion = 10.0.40219.1
Project("{FAE04EC0-301F-11D3-BF4B-00C04F79EFBC}") = "Kosmici5", "Kosmici5\Kosmici5.csproj", "{DB0011C1-F376-47BE-9394-E265534073DB}"
EndProject
Global
	GlobalSection(SolutionConfigurationPlatforms) = preSolution
		Debug|Any CPU = Debug|Any CPU
		Release|Any CPU = Release|Any CPU
	EndGlobalSection
	GlobalSection(ProjectConfigurationPlatforms) = postSolution
		{DB0011C1-F376-47BE-9394-E265534073DB}.Debug|Any CPU.ActiveCfg = Debug|Any CPU
		{DB0011C1-F376-47BE-9394-E265534073DB}.Debug|Any CPU.Build.0 = Debug|Any CPU
		{DB0011C1-F376-47BE-9394-E265534073DB}.Release|Any CPU.ActiveCfg = Release|Any CPU
		{DB0011C1-F376-47BE-9394-E265534073DB}.Release|Any CPU.Build.0 = Release|Any CPU
	EndGlobalSection
	GlobalSection(SolutionProperties) = preSolution
		HideSolutionNode = FALSE
	EndGlobalSection
	GlobalSection(ExtensibilityGlobals) = postSolution
		SolutionGuid = {150CBF78-F802-4AAD-94A1-256E9BEB89B0}
	EndGlobalSection
EndGlobal
