
Microsoft Visual Studio Solution File, Format Version 12.00
# Visual Studio Version 17
VisualStudioVersion = 17.9.34723.18
MinimumVisualStudioVersion = 10.0.40219.1
Project("{FAE04EC0-301F-11D3-BF4B-00C04F79EFBC}") = "Kalkulator_krow", "Kalkulator_krow\Kalkulator_krow.csproj", "{0FCA3E8F-465C-4E03-98EF-36B1A4404FCC}"
EndProject
Global
	GlobalSection(SolutionConfigurationPlatforms) = preSolution
		Debug|Any CPU = Debug|Any CPU
		Release|Any CPU = Release|Any CPU
	EndGlobalSection
	GlobalSection(ProjectConfigurationPlatforms) = postSolution
		{0FCA3E8F-465C-4E03-98EF-36B1A4404FCC}.Debug|Any CPU.ActiveCfg = Debug|Any CPU
		{0FCA3E8F-465C-4E03-98EF-36B1A4404FCC}.Debug|Any CPU.Build.0 = Debug|Any CPU
		{0FCA3E8F-465C-4E03-98EF-36B1A4404FCC}.Release|Any CPU.ActiveCfg = Release|Any CPU
		{0FCA3E8F-465C-4E03-98EF-36B1A4404FCC}.Release|Any CPU.Build.0 = Release|Any CPU
	EndGlobalSection
	GlobalSection(SolutionProperties) = preSolution
		HideSolutionNode = FALSE
	EndGlobalSection
	GlobalSection(ExtensibilityGlobals) = postSolution
		SolutionGuid = {FFF2B043-D39F-426A-88F3-6D531310A4E2}
	EndGlobalSection
EndGlobal
