
Microsoft Visual Studio Solution File, Format Version 12.00
# Visual Studio Version 17
VisualStudioVersion = 17.9.34723.18
MinimumVisualStudioVersion = 10.0.40219.1
Project("{FAE04EC0-301F-11D3-BF4B-00C04F79EFBC}") = "if_else instrukcja", "if_else instrukcja\if_else instrukcja.csproj", "{60EC0EE5-CAD8-4F41-A786-15E27B4E0CA9}"
EndProject
Global
	GlobalSection(SolutionConfigurationPlatforms) = preSolution
		Debug|Any CPU = Debug|Any CPU
		Release|Any CPU = Release|Any CPU
	EndGlobalSection
	GlobalSection(ProjectConfigurationPlatforms) = postSolution
		{60EC0EE5-CAD8-4F41-A786-15E27B4E0CA9}.Debug|Any CPU.ActiveCfg = Debug|Any CPU
		{60EC0EE5-CAD8-4F41-A786-15E27B4E0CA9}.Debug|Any CPU.Build.0 = Debug|Any CPU
		{60EC0EE5-CAD8-4F41-A786-15E27B4E0CA9}.Release|Any CPU.ActiveCfg = Release|Any CPU
		{60EC0EE5-CAD8-4F41-A786-15E27B4E0CA9}.Release|Any CPU.Build.0 = Release|Any CPU
	EndGlobalSection
	GlobalSection(SolutionProperties) = preSolution
		HideSolutionNode = FALSE
	EndGlobalSection
	GlobalSection(ExtensibilityGlobals) = postSolution
		SolutionGuid = {BDBE8F8E-5D91-4585-9484-1E942E02869C}
	EndGlobalSection
EndGlobal
