
Microsoft Visual Studio Solution File, Format Version 12.00
# Visual Studio Version 17
VisualStudioVersion = 17.9.34723.18
MinimumVisualStudioVersion = 10.0.40219.1
Project("{FAE04EC0-301F-11D3-BF4B-00C04F79EFBC}") = "kalkulator_przyjec2", "kalkulator_przyjec2\kalkulator_przyjec2.csproj", "{4C5ED28E-0A2A-4658-A2C7-09D1697FED7C}"
EndProject
Global
	GlobalSection(SolutionConfigurationPlatforms) = preSolution
		Debug|Any CPU = Debug|Any CPU
		Release|Any CPU = Release|Any CPU
	EndGlobalSection
	GlobalSection(ProjectConfigurationPlatforms) = postSolution
		{4C5ED28E-0A2A-4658-A2C7-09D1697FED7C}.Debug|Any CPU.ActiveCfg = Debug|Any CPU
		{4C5ED28E-0A2A-4658-A2C7-09D1697FED7C}.Debug|Any CPU.Build.0 = Debug|Any CPU
		{4C5ED28E-0A2A-4658-A2C7-09D1697FED7C}.Release|Any CPU.ActiveCfg = Release|Any CPU
		{4C5ED28E-0A2A-4658-A2C7-09D1697FED7C}.Release|Any CPU.Build.0 = Release|Any CPU
	EndGlobalSection
	GlobalSection(SolutionProperties) = preSolution
		HideSolutionNode = FALSE
	EndGlobalSection
	GlobalSection(ExtensibilityGlobals) = postSolution
		SolutionGuid = {FAAF263E-BE49-4A53-8742-7A46E9DE31DB}
	EndGlobalSection
EndGlobal
